
Microsoft Visual Studio Solution File, Format Version 12.00
# Visual Studio Version 17
VisualStudioVersion = 17.9.34607.119
MinimumVisualStudioVersion = 10.0.40219.1
Project("{2150E333-8FDC-42A3-9474-1A3956D46DE8}") = "24R1", "24R1", "{3985B64B-5505-4C87-857D-98582B26D405}"
EndProject
Project("{FAE04EC0-301F-11D3-BF4B-00C04F79EFBC}") = "CashFundManagement-24R1", "CashFundManagement\CashFundManagement-24R1.csproj", "{CDFE54EF-AE62-412F-820D-41428631FE1A}"
EndProject
Project("{FAE04EC0-301F-11D3-BF4B-00C04F79EFBC}") = "CashFundPhilippineTax-24R1", "CashFundPhilippineTax\CashFundPhilippineTax-24R1.csproj", "{7B27F84C-9A28-46C3-A144-048F833B97B7}"
	ProjectSection(ProjectDependencies) = postProject
		{CDFE54EF-AE62-412F-820D-41428631FE1A} = {CDFE54EF-AE62-412F-820D-41428631FE1A}
	EndProjectSection
EndProject
Global
	GlobalSection(SolutionConfigurationPlatforms) = preSolution
		Debug|Any CPU = Debug|Any CPU
		Debug|x64 = Debug|x64
		Debug|x86 = Debug|x86
		Release|Any CPU = Release|Any CPU
		Release|x64 = Release|x64
		Release|x86 = Release|x86
	EndGlobalSection
	GlobalSection(ProjectConfigurationPlatforms) = postSolution
		{CDFE54EF-AE62-412F-820D-41428631FE1A}.Debug|Any CPU.ActiveCfg = Debug|Any CPU
		{CDFE54EF-AE62-412F-820D-41428631FE1A}.Debug|Any CPU.Build.0 = Debug|Any CPU
		{CDFE54EF-AE62-412F-820D-41428631FE1A}.Debug|x64.ActiveCfg = Debug|Any CPU
		{CDFE54EF-AE62-412F-820D-41428631FE1A}.Debug|x64.Build.0 = Debug|Any CPU
		{CDFE54EF-AE62-412F-820D-41428631FE1A}.Debug|x86.ActiveCfg = Debug|Any CPU
		{CDFE54EF-AE62-412F-820D-41428631FE1A}.Debug|x86.Build.0 = Debug|Any CPU
		{CDFE54EF-AE62-412F-820D-41428631FE1A}.Release|Any CPU.ActiveCfg = Release|Any CPU
		{CDFE54EF-AE62-412F-820D-41428631FE1A}.Release|Any CPU.Build.0 = Release|Any CPU
		{CDFE54EF-AE62-412F-820D-41428631FE1A}.Release|x64.ActiveCfg = Release|Any CPU
		{CDFE54EF-AE62-412F-820D-41428631FE1A}.Release|x64.Build.0 = Release|Any CPU
		{CDFE54EF-AE62-412F-820D-41428631FE1A}.Release|x86.ActiveCfg = Release|Any CPU
		{CDFE54EF-AE62-412F-820D-41428631FE1A}.Release|x86.Build.0 = Release|Any CPU
		{7B27F84C-9A28-46C3-A144-048F833B97B7}.Debug|Any CPU.ActiveCfg = Debug|Any CPU
		{7B27F84C-9A28-46C3-A144-048F833B97B7}.Debug|Any CPU.Build.0 = Debug|Any CPU
		{7B27F84C-9A28-46C3-A144-048F833B97B7}.Debug|x64.ActiveCfg = Debug|Any CPU
		{7B27F84C-9A28-46C3-A144-048F833B97B7}.Debug|x64.Build.0 = Debug|Any CPU
		{7B27F84C-9A28-46C3-A144-048F833B97B7}.Debug|x86.ActiveCfg = Debug|Any CPU
		{7B27F84C-9A28-46C3-A144-048F833B97B7}.Debug|x86.Build.0 = Debug|Any CPU
		{7B27F84C-9A28-46C3-A144-048F833B97B7}.Release|Any CPU.ActiveCfg = Release|Any CPU
		{7B27F84C-9A28-46C3-A144-048F833B97B7}.Release|Any CPU.Build.0 = Release|Any CPU
		{7B27F84C-9A28-46C3-A144-048F833B97B7}.Release|x64.ActiveCfg = Release|Any CPU
		{7B27F84C-9A28-46C3-A144-048F833B97B7}.Release|x64.Build.0 = Release|Any CPU
		{7B27F84C-9A28-46C3-A144-048F833B97B7}.Release|x86.ActiveCfg = Release|Any CPU
		{7B27F84C-9A28-46C3-A144-048F833B97B7}.Release|x86.Build.0 = Release|Any CPU
	EndGlobalSection
	GlobalSection(SolutionProperties) = preSolution
		HideSolutionNode = FALSE
	EndGlobalSection
	GlobalSection(NestedProjects) = preSolution
		{CDFE54EF-AE62-412F-820D-41428631FE1A} = {3985B64B-5505-4C87-857D-98582B26D405}
		{7B27F84C-9A28-46C3-A144-048F833B97B7} = {3985B64B-5505-4C87-857D-98582B26D405}
	EndGlobalSection
	GlobalSection(ExtensibilityGlobals) = postSolution
		SolutionGuid = {4A714D36-F3BB-42D6-BD2B-C36F2085613C}
	EndGlobalSection
EndGlobal
