
Microsoft Visual Studio Solution File, Format Version 12.00
# Visual Studio Version 18
VisualStudioVersion = 18.3.11512.155
MinimumVisualStudioVersion = 10.0.40219.1
Project("{2150E333-8FDC-42A3-9474-1A3956D46DE8}") = "24R1", "24R1", "{3985B64B-5505-4C87-857D-98582B26D405}"
EndProject
Project("{2150E333-8FDC-42A3-9474-1A3956D46DE8}") = "23R2", "23R2", "{676B66E5-266D-4D6B-AF79-4FADD167C104}"
EndProject
Project("{FAE04EC0-301F-11D3-BF4B-00C04F79EFBC}") = "CashFundManagement", "CashFundManagement\CashFundManagement.csproj", "{9BC6D61A-5D4B-4D57-BC6B-5E3F9D04377E}"
EndProject
Project("{FAE04EC0-301F-11D3-BF4B-00C04F79EFBC}") = "CashFundManagement-24R1", "CashFundManagement\CashFundManagement-24R1.csproj", "{CDFE54EF-AE62-412F-820D-41428631FE1A}"
EndProject
Project("{FAE04EC0-301F-11D3-BF4B-00C04F79EFBC}") = "CashFundPhilippineTax", "CashFundPhilippineTax\CashFundPhilippineTax.csproj", "{1ADBF452-1F63-4C6A-8D41-432F2E34B475}"
EndProject
Project("{FAE04EC0-301F-11D3-BF4B-00C04F79EFBC}") = "CashFundPhilippineTax-24R1", "CashFundPhilippineTax\CashFundPhilippineTax-24R1.csproj", "{7B27F84C-9A28-46C3-A144-048F833B97B7}"
EndProject
Project("{2150E333-8FDC-42A3-9474-1A3956D46DE8}") = "Pages", "Pages", "{E6EF794C-A728-4154-BDA3-60776CE2C37C}"
EndProject
Project("{FAE04EC0-301F-11D3-BF4B-00C04F79EFBC}") = "UpdateLocal", "UpdateLocal\UpdateLocal.csproj", "{029B60F0-5C46-44D9-9EB9-42EEB16EE3FC}"
EndProject
Project("{FAE04EC0-301F-11D3-BF4B-00C04F79EFBC}") = "UpdateLocal-24R1", "UpdateLocal\UpdateLocal-24R1.csproj", "{91ECD22B-F1E2-45FE-807F-3DFB154566DC}"
EndProject
Project("{2150E333-8FDC-42A3-9474-1A3956D46DE8}") = "ATPT", "ATPT", "{3481439D-D3D1-4977-861A-D65BF4ECE36B}"
	ProjectSection(SolutionItems) = preProject
		Pages\ATPT\ATPT1003.aspx = Pages\ATPT\ATPT1003.aspx
		Pages\ATPT\ATPT1003.aspx.cs = Pages\ATPT\ATPT1003.aspx.cs
		Pages\ATPT\ATPT1004.aspx = Pages\ATPT\ATPT1004.aspx
		Pages\ATPT\ATPT1004.aspx.cs = Pages\ATPT\ATPT1004.aspx.cs
		Pages\ATPT\ATPT1005.aspx = Pages\ATPT\ATPT1005.aspx
		Pages\ATPT\ATPT1005.aspx.cs = Pages\ATPT\ATPT1005.aspx.cs
		Pages\ATPT\ATPT2012.aspx = Pages\ATPT\ATPT2012.aspx
		Pages\ATPT\ATPT2012.aspx.cs = Pages\ATPT\ATPT2012.aspx.cs
		Pages\ATPT\ATPT2101.aspx = Pages\ATPT\ATPT2101.aspx
		Pages\ATPT\ATPT2101.aspx.cs = Pages\ATPT\ATPT2101.aspx.cs
		Pages\ATPT\ATPT2102.aspx = Pages\ATPT\ATPT2102.aspx
		Pages\ATPT\ATPT2102.aspx.cs = Pages\ATPT\ATPT2102.aspx.cs
		Pages\ATPT\ATPT2103.aspx = Pages\ATPT\ATPT2103.aspx
		Pages\ATPT\ATPT2103.aspx.cs = Pages\ATPT\ATPT2103.aspx.cs
		Pages\ATPT\ATPT2104.aspx = Pages\ATPT\ATPT2104.aspx
		Pages\ATPT\ATPT2104.aspx.cs = Pages\ATPT\ATPT2104.aspx.cs
		Pages\ATPT\ATPT2105.aspx = Pages\ATPT\ATPT2105.aspx
		Pages\ATPT\ATPT2105.aspx.cs = Pages\ATPT\ATPT2105.aspx.cs
		Pages\ATPT\ATPT3011.aspx = Pages\ATPT\ATPT3011.aspx
		Pages\ATPT\ATPT3011.aspx.cs = Pages\ATPT\ATPT3011.aspx.cs
		Pages\ATPT\ATPT3012.aspx = Pages\ATPT\ATPT3012.aspx
		Pages\ATPT\ATPT3012.aspx.cs = Pages\ATPT\ATPT3012.aspx.cs
		Pages\ATPT\ATPT3103.aspx = Pages\ATPT\ATPT3103.aspx
		Pages\ATPT\ATPT3103.aspx.cs = Pages\ATPT\ATPT3103.aspx.cs
		Pages\ATPT\ATPT3104.aspx = Pages\ATPT\ATPT3104.aspx
		Pages\ATPT\ATPT3104.aspx.cs = Pages\ATPT\ATPT3104.aspx.cs
		Pages\ATPT\ATPT3105.aspx = Pages\ATPT\ATPT3105.aspx
		Pages\ATPT\ATPT3105.aspx.cs = Pages\ATPT\ATPT3105.aspx.cs
		Pages\ATPT\ATPT5016.aspx = Pages\ATPT\ATPT5016.aspx
		Pages\ATPT\ATPT5016.aspx.cs = Pages\ATPT\ATPT5016.aspx.cs
		Pages\ATPT\ATPT5017.aspx = Pages\ATPT\ATPT5017.aspx
		Pages\ATPT\ATPT5017.aspx.cs = Pages\ATPT\ATPT5017.aspx.cs
		Pages\ATPT\ATPT5018.aspx = Pages\ATPT\ATPT5018.aspx
		Pages\ATPT\ATPT5018.aspx.cs = Pages\ATPT\ATPT5018.aspx.cs
		Pages\ATPT\ATPT9201.aspx = Pages\ATPT\ATPT9201.aspx
		Pages\ATPT\ATPT9201.aspx.cs = Pages\ATPT\ATPT9201.aspx.cs
		Pages\ATPT\ATPT9202.aspx = Pages\ATPT\ATPT9202.aspx
		Pages\ATPT\ATPT9202.aspx.cs = Pages\ATPT\ATPT9202.aspx.cs
	EndProjectSection
EndProject
Project("{2150E333-8FDC-42A3-9474-1A3956D46DE8}") = "CustomizationSourceControl", "CustomizationSourceControl", "{1F23EF51-8740-486A-96A0-9656561FD7B5}"
EndProject
Project("{9A19103F-16F7-4668-BE54-9A1E7A4F7556}") = "ProjectSourceControl", "ProjectSourceControl\ProjectSourceControl.csproj", "{F2CD2F06-0083-4132-90B8-584A6C3BBD38}"
EndProject
Project("{2150E333-8FDC-42A3-9474-1A3956D46DE8}") = "24R2", "24R2", "{03B08E69-E57B-4DC6-8AD7-93179248F6FE}"
EndProject
Project("{FAE04EC0-301F-11D3-BF4B-00C04F79EFBC}") = "CashFundManagement-24R2", "CashFundManagement\CashFundManagement-24R2.csproj", "{5EF7EFA0-AB6C-4E96-A4D6-E7DFACDB27DB}"
EndProject
Project("{FAE04EC0-301F-11D3-BF4B-00C04F79EFBC}") = "UpdateLocal-24R2", "UpdateLocal\UpdateLocal-24R2.csproj", "{C480933B-D5DA-44B7-82B0-5CEF5AB77C8B}"
EndProject
Project("{FAE04EC0-301F-11D3-BF4B-00C04F79EFBC}") = "CashFundPhilippineTax-24R2", "CashFundPhilippineTax\CashFundPhilippineTax-24R2.csproj", "{3013D253-92F9-484B-A0F9-BFE56BC0CD13}"
EndProject
Project("{2150E333-8FDC-42A3-9474-1A3956D46DE8}") = "25R1", "25R1", "{02EA681E-C7D8-13C7-8484-4AC65E1B71E8}"
EndProject
Project("{FAE04EC0-301F-11D3-BF4B-00C04F79EFBC}") = "CashFundManagement-25R1", "CashFundManagement\CashFundManagement-25R1.csproj", "{80F0DF3F-8642-44CF-830B-C16E0B55C335}"
EndProject
Project("{FAE04EC0-301F-11D3-BF4B-00C04F79EFBC}") = "CashFundPhilippineTax-25R1", "CashFundPhilippineTax\CashFundPhilippineTax-25R1.csproj", "{81F2EEC0-9F56-4EB1-A0FF-6F92CAB4B431}"
EndProject
Project("{2150E333-8FDC-42A3-9474-1A3956D46DE8}") = "26R1", "26R1", "{9C5A6D7E-F8B0-4B34-C5D6-E7F80A1B2C3D}"
EndProject
Project("{FAE04EC0-301F-11D3-BF4B-00C04F79EFBC}") = "CashFundManagement-26R1", "CashFundManagement\CashFundManagement-26R1.csproj", "{7A3E4B5C-D6F8-4912-A3B4-C5D6E7F80A1B}"
EndProject
Project("{FAE04EC0-301F-11D3-BF4B-00C04F79EFBC}") = "CashFundPhilippineTax-26R1", "CashFundPhilippineTax\CashFundPhilippineTax-26R1.csproj", "{8B4F5C6D-E7A9-4A23-B4C5-D6E7F80A1B2C}"
EndProject
Project("{2150E333-8FDC-42A3-9474-1A3956D46DE8}") = "25R2", "25R2", "{9D08BE0B-092F-4C13-83DF-1F760294140C}"
EndProject
Project("{FAE04EC0-301F-11D3-BF4B-00C04F79EFBC}") = "CashFundManagement-25R2", "CashFundManagement\CashFundManagement-25R2.csproj", "{5389C603-AD1A-430C-9ACB-AD372E57F94F}"
EndProject
Project("{FAE04EC0-301F-11D3-BF4B-00C04F79EFBC}") = "CashFundPhilippineTax-25R2", "CashFundPhilippineTax\CashFundPhilippineTax-25R2.csproj", "{1703EE32-5D4D-4B3F-9473-45DF76A9802E}"
EndProject
Global
	GlobalSection(SolutionConfigurationPlatforms) = preSolution
		Debug|Any CPU = Debug|Any CPU
		Debug|x64 = Debug|x64
		Debug|x86 = Debug|x86
		Release|Any CPU = Release|Any CPU
		Release|x64 = Release|x64
		Release|x86 = Release|x86
	EndGlobalSection
	GlobalSection(ProjectConfigurationPlatforms) = postSolution
		{9BC6D61A-5D4B-4D57-BC6B-5E3F9D04377E}.Debug|Any CPU.ActiveCfg = Debug|Any CPU
		{9BC6D61A-5D4B-4D57-BC6B-5E3F9D04377E}.Debug|x64.ActiveCfg = Debug|Any CPU
		{9BC6D61A-5D4B-4D57-BC6B-5E3F9D04377E}.Debug|x64.Build.0 = Debug|Any CPU
		{9BC6D61A-5D4B-4D57-BC6B-5E3F9D04377E}.Debug|x86.ActiveCfg = Debug|Any CPU
		{9BC6D61A-5D4B-4D57-BC6B-5E3F9D04377E}.Debug|x86.Build.0 = Debug|Any CPU
		{9BC6D61A-5D4B-4D57-BC6B-5E3F9D04377E}.Release|Any CPU.ActiveCfg = Release|Any CPU
		{9BC6D61A-5D4B-4D57-BC6B-5E3F9D04377E}.Release|Any CPU.Build.0 = Release|Any CPU
		{9BC6D61A-5D4B-4D57-BC6B-5E3F9D04377E}.Release|x64.ActiveCfg = Release|Any CPU
		{9BC6D61A-5D4B-4D57-BC6B-5E3F9D04377E}.Release|x64.Build.0 = Release|Any CPU
		{9BC6D61A-5D4B-4D57-BC6B-5E3F9D04377E}.Release|x86.ActiveCfg = Release|Any CPU
		{9BC6D61A-5D4B-4D57-BC6B-5E3F9D04377E}.Release|x86.Build.0 = Release|Any CPU
		{CDFE54EF-AE62-412F-820D-41428631FE1A}.Debug|Any CPU.ActiveCfg = Debug|Any CPU
		{CDFE54EF-AE62-412F-820D-41428631FE1A}.Debug|x64.ActiveCfg = Debug|Any CPU
		{CDFE54EF-AE62-412F-820D-41428631FE1A}.Debug|x64.Build.0 = Debug|Any CPU
		{CDFE54EF-AE62-412F-820D-41428631FE1A}.Debug|x86.ActiveCfg = Debug|Any CPU
		{CDFE54EF-AE62-412F-820D-41428631FE1A}.Debug|x86.Build.0 = Debug|Any CPU
		{CDFE54EF-AE62-412F-820D-41428631FE1A}.Release|Any CPU.ActiveCfg = Release|Any CPU
		{CDFE54EF-AE62-412F-820D-41428631FE1A}.Release|Any CPU.Build.0 = Release|Any CPU
		{CDFE54EF-AE62-412F-820D-41428631FE1A}.Release|x64.ActiveCfg = Release|Any CPU
		{CDFE54EF-AE62-412F-820D-41428631FE1A}.Release|x64.Build.0 = Release|Any CPU
		{CDFE54EF-AE62-412F-820D-41428631FE1A}.Release|x86.ActiveCfg = Release|Any CPU
		{CDFE54EF-AE62-412F-820D-41428631FE1A}.Release|x86.Build.0 = Release|Any CPU
		{1ADBF452-1F63-4C6A-8D41-432F2E34B475}.Debug|Any CPU.ActiveCfg = Debug|Any CPU
		{1ADBF452-1F63-4C6A-8D41-432F2E34B475}.Debug|x64.ActiveCfg = Debug|Any CPU
		{1ADBF452-1F63-4C6A-8D41-432F2E34B475}.Debug|x64.Build.0 = Debug|Any CPU
		{1ADBF452-1F63-4C6A-8D41-432F2E34B475}.Debug|x86.ActiveCfg = Debug|Any CPU
		{1ADBF452-1F63-4C6A-8D41-432F2E34B475}.Debug|x86.Build.0 = Debug|Any CPU
		{1ADBF452-1F63-4C6A-8D41-432F2E34B475}.Release|Any CPU.ActiveCfg = Release|Any CPU
		{1ADBF452-1F63-4C6A-8D41-432F2E34B475}.Release|Any CPU.Build.0 = Release|Any CPU
		{1ADBF452-1F63-4C6A-8D41-432F2E34B475}.Release|x64.ActiveCfg = Release|Any CPU
		{1ADBF452-1F63-4C6A-8D41-432F2E34B475}.Release|x64.Build.0 = Release|Any CPU
		{1ADBF452-1F63-4C6A-8D41-432F2E34B475}.Release|x86.ActiveCfg = Release|Any CPU
		{1ADBF452-1F63-4C6A-8D41-432F2E34B475}.Release|x86.Build.0 = Release|Any CPU
		{7B27F84C-9A28-46C3-A144-048F833B97B7}.Debug|Any CPU.ActiveCfg = Debug|Any CPU
		{7B27F84C-9A28-46C3-A144-048F833B97B7}.Debug|x64.ActiveCfg = Debug|Any CPU
		{7B27F84C-9A28-46C3-A144-048F833B97B7}.Debug|x64.Build.0 = Debug|Any CPU
		{7B27F84C-9A28-46C3-A144-048F833B97B7}.Debug|x86.ActiveCfg = Debug|Any CPU
		{7B27F84C-9A28-46C3-A144-048F833B97B7}.Debug|x86.Build.0 = Debug|Any CPU
		{7B27F84C-9A28-46C3-A144-048F833B97B7}.Release|Any CPU.ActiveCfg = Release|Any CPU
		{7B27F84C-9A28-46C3-A144-048F833B97B7}.Release|Any CPU.Build.0 = Release|Any CPU
		{7B27F84C-9A28-46C3-A144-048F833B97B7}.Release|x64.ActiveCfg = Release|Any CPU
		{7B27F84C-9A28-46C3-A144-048F833B97B7}.Release|x64.Build.0 = Release|Any CPU
		{7B27F84C-9A28-46C3-A144-048F833B97B7}.Release|x86.ActiveCfg = Release|Any CPU
		{7B27F84C-9A28-46C3-A144-048F833B97B7}.Release|x86.Build.0 = Release|Any CPU
		{029B60F0-5C46-44D9-9EB9-42EEB16EE3FC}.Debug|Any CPU.ActiveCfg = Debug|Any CPU
		{029B60F0-5C46-44D9-9EB9-42EEB16EE3FC}.Debug|x64.ActiveCfg = Debug|Any CPU
		{029B60F0-5C46-44D9-9EB9-42EEB16EE3FC}.Debug|x64.Build.0 = Debug|Any CPU
		{029B60F0-5C46-44D9-9EB9-42EEB16EE3FC}.Debug|x86.ActiveCfg = Debug|Any CPU
		{029B60F0-5C46-44D9-9EB9-42EEB16EE3FC}.Debug|x86.Build.0 = Debug|Any CPU
		{029B60F0-5C46-44D9-9EB9-42EEB16EE3FC}.Release|Any CPU.ActiveCfg = Release|Any CPU
		{029B60F0-5C46-44D9-9EB9-42EEB16EE3FC}.Release|Any CPU.Build.0 = Release|Any CPU
		{029B60F0-5C46-44D9-9EB9-42EEB16EE3FC}.Release|x64.ActiveCfg = Release|Any CPU
		{029B60F0-5C46-44D9-9EB9-42EEB16EE3FC}.Release|x64.Build.0 = Release|Any CPU
		{029B60F0-5C46-44D9-9EB9-42EEB16EE3FC}.Release|x86.ActiveCfg = Release|Any CPU
		{029B60F0-5C46-44D9-9EB9-42EEB16EE3FC}.Release|x86.Build.0 = Release|Any CPU
		{91ECD22B-F1E2-45FE-807F-3DFB154566DC}.Debug|Any CPU.ActiveCfg = Debug|Any CPU
		{91ECD22B-F1E2-45FE-807F-3DFB154566DC}.Debug|x64.ActiveCfg = Debug|Any CPU
		{91ECD22B-F1E2-45FE-807F-3DFB154566DC}.Debug|x64.Build.0 = Debug|Any CPU
		{91ECD22B-F1E2-45FE-807F-3DFB154566DC}.Debug|x86.ActiveCfg = Debug|Any CPU
		{91ECD22B-F1E2-45FE-807F-3DFB154566DC}.Debug|x86.Build.0 = Debug|Any CPU
		{91ECD22B-F1E2-45FE-807F-3DFB154566DC}.Release|Any CPU.ActiveCfg = Release|Any CPU
		{91ECD22B-F1E2-45FE-807F-3DFB154566DC}.Release|Any CPU.Build.0 = Release|Any CPU
		{91ECD22B-F1E2-45FE-807F-3DFB154566DC}.Release|x64.ActiveCfg = Release|Any CPU
		{91ECD22B-F1E2-45FE-807F-3DFB154566DC}.Release|x64.Build.0 = Release|Any CPU
		{91ECD22B-F1E2-45FE-807F-3DFB154566DC}.Release|x86.ActiveCfg = Release|Any CPU
		{91ECD22B-F1E2-45FE-807F-3DFB154566DC}.Release|x86.Build.0 = Release|Any CPU
		{F2CD2F06-0083-4132-90B8-584A6C3BBD38}.Debug|Any CPU.ActiveCfg = Debug|Any CPU
		{F2CD2F06-0083-4132-90B8-584A6C3BBD38}.Debug|x64.ActiveCfg = Debug|Any CPU
		{F2CD2F06-0083-4132-90B8-584A6C3BBD38}.Debug|x64.Build.0 = Debug|Any CPU
		{F2CD2F06-0083-4132-90B8-584A6C3BBD38}.Debug|x86.ActiveCfg = Debug|Any CPU
		{F2CD2F06-0083-4132-90B8-584A6C3BBD38}.Debug|x86.Build.0 = Debug|Any CPU
		{F2CD2F06-0083-4132-90B8-584A6C3BBD38}.Release|Any CPU.ActiveCfg = Release|Any CPU
		{F2CD2F06-0083-4132-90B8-584A6C3BBD38}.Release|Any CPU.Build.0 = Release|Any CPU
		{F2CD2F06-0083-4132-90B8-584A6C3BBD38}.Release|x64.ActiveCfg = Release|Any CPU
		{F2CD2F06-0083-4132-90B8-584A6C3BBD38}.Release|x64.Build.0 = Release|Any CPU
		{F2CD2F06-0083-4132-90B8-584A6C3BBD38}.Release|x86.ActiveCfg = Release|Any CPU
		{F2CD2F06-0083-4132-90B8-584A6C3BBD38}.Release|x86.Build.0 = Release|Any CPU
		{5EF7EFA0-AB6C-4E96-A4D6-E7DFACDB27DB}.Debug|Any CPU.ActiveCfg = Debug|Any CPU
		{5EF7EFA0-AB6C-4E96-A4D6-E7DFACDB27DB}.Debug|Any CPU.Build.0 = Debug|Any CPU
		{5EF7EFA0-AB6C-4E96-A4D6-E7DFACDB27DB}.Debug|x64.ActiveCfg = Debug|Any CPU
		{5EF7EFA0-AB6C-4E96-A4D6-E7DFACDB27DB}.Debug|x64.Build.0 = Debug|Any CPU
		{5EF7EFA0-AB6C-4E96-A4D6-E7DFACDB27DB}.Debug|x86.ActiveCfg = Debug|Any CPU
		{5EF7EFA0-AB6C-4E96-A4D6-E7DFACDB27DB}.Debug|x86.Build.0 = Debug|Any CPU
		{5EF7EFA0-AB6C-4E96-A4D6-E7DFACDB27DB}.Release|Any CPU.ActiveCfg = Release|Any CPU
		{5EF7EFA0-AB6C-4E96-A4D6-E7DFACDB27DB}.Release|Any CPU.Build.0 = Release|Any CPU
		{5EF7EFA0-AB6C-4E96-A4D6-E7DFACDB27DB}.Release|x64.ActiveCfg = Release|Any CPU
		{5EF7EFA0-AB6C-4E96-A4D6-E7DFACDB27DB}.Release|x64.Build.0 = Release|Any CPU
		{5EF7EFA0-AB6C-4E96-A4D6-E7DFACDB27DB}.Release|x86.ActiveCfg = Release|Any CPU
		{5EF7EFA0-AB6C-4E96-A4D6-E7DFACDB27DB}.Release|x86.Build.0 = Release|Any CPU
		{C480933B-D5DA-44B7-82B0-5CEF5AB77C8B}.Debug|Any CPU.ActiveCfg = Debug|Any CPU
		{C480933B-D5DA-44B7-82B0-5CEF5AB77C8B}.Debug|Any CPU.Build.0 = Debug|Any CPU
		{C480933B-D5DA-44B7-82B0-5CEF5AB77C8B}.Debug|x64.ActiveCfg = Debug|Any CPU
		{C480933B-D5DA-44B7-82B0-5CEF5AB77C8B}.Debug|x64.Build.0 = Debug|Any CPU
		{C480933B-D5DA-44B7-82B0-5CEF5AB77C8B}.Debug|x86.ActiveCfg = Debug|Any CPU
		{C480933B-D5DA-44B7-82B0-5CEF5AB77C8B}.Debug|x86.Build.0 = Debug|Any CPU
		{C480933B-D5DA-44B7-82B0-5CEF5AB77C8B}.Release|Any CPU.ActiveCfg = Release|Any CPU
		{C480933B-D5DA-44B7-82B0-5CEF5AB77C8B}.Release|Any CPU.Build.0 = Release|Any CPU
		{C480933B-D5DA-44B7-82B0-5CEF5AB77C8B}.Release|x64.ActiveCfg = Release|Any CPU
		{C480933B-D5DA-44B7-82B0-5CEF5AB77C8B}.Release|x64.Build.0 = Release|Any CPU
		{C480933B-D5DA-44B7-82B0-5CEF5AB77C8B}.Release|x86.ActiveCfg = Release|Any CPU
		{C480933B-D5DA-44B7-82B0-5CEF5AB77C8B}.Release|x86.Build.0 = Release|Any CPU
		{3013D253-92F9-484B-A0F9-BFE56BC0CD13}.Debug|Any CPU.ActiveCfg = Debug|Any CPU
		{3013D253-92F9-484B-A0F9-BFE56BC0CD13}.Debug|Any CPU.Build.0 = Debug|Any CPU
		{3013D253-92F9-484B-A0F9-BFE56BC0CD13}.Debug|x64.ActiveCfg = Debug|Any CPU
		{3013D253-92F9-484B-A0F9-BFE56BC0CD13}.Debug|x64.Build.0 = Debug|Any CPU
		{3013D253-92F9-484B-A0F9-BFE56BC0CD13}.Debug|x86.ActiveCfg = Debug|Any CPU
		{3013D253-92F9-484B-A0F9-BFE56BC0CD13}.Debug|x86.Build.0 = Debug|Any CPU
		{3013D253-92F9-484B-A0F9-BFE56BC0CD13}.Release|Any CPU.ActiveCfg = Release|Any CPU
		{3013D253-92F9-484B-A0F9-BFE56BC0CD13}.Release|Any CPU.Build.0 = Release|Any CPU
		{3013D253-92F9-484B-A0F9-BFE56BC0CD13}.Release|x64.ActiveCfg = Release|Any CPU
		{3013D253-92F9-484B-A0F9-BFE56BC0CD13}.Release|x64.Build.0 = Release|Any CPU
		{3013D253-92F9-484B-A0F9-BFE56BC0CD13}.Release|x86.ActiveCfg = Release|Any CPU
		{3013D253-92F9-484B-A0F9-BFE56BC0CD13}.Release|x86.Build.0 = Release|Any CPU
		{80F0DF3F-8642-44CF-830B-C16E0B55C335}.Debug|Any CPU.ActiveCfg = Debug|Any CPU
		{80F0DF3F-8642-44CF-830B-C16E0B55C335}.Debug|Any CPU.Build.0 = Debug|Any CPU
		{80F0DF3F-8642-44CF-830B-C16E0B55C335}.Debug|x64.ActiveCfg = Debug|Any CPU
		{80F0DF3F-8642-44CF-830B-C16E0B55C335}.Debug|x64.Build.0 = Debug|Any CPU
		{80F0DF3F-8642-44CF-830B-C16E0B55C335}.Debug|x86.ActiveCfg = Debug|Any CPU
		{80F0DF3F-8642-44CF-830B-C16E0B55C335}.Debug|x86.Build.0 = Debug|Any CPU
		{80F0DF3F-8642-44CF-830B-C16E0B55C335}.Release|Any CPU.ActiveCfg = Release|Any CPU
		{80F0DF3F-8642-44CF-830B-C16E0B55C335}.Release|Any CPU.Build.0 = Release|Any CPU
		{80F0DF3F-8642-44CF-830B-C16E0B55C335}.Release|x64.ActiveCfg = Release|Any CPU
		{80F0DF3F-8642-44CF-830B-C16E0B55C335}.Release|x64.Build.0 = Release|Any CPU
		{80F0DF3F-8642-44CF-830B-C16E0B55C335}.Release|x86.ActiveCfg = Release|Any CPU
		{80F0DF3F-8642-44CF-830B-C16E0B55C335}.Release|x86.Build.0 = Release|Any CPU
		{81F2EEC0-9F56-4EB1-A0FF-6F92CAB4B431}.Debug|Any CPU.ActiveCfg = Debug|Any CPU
		{81F2EEC0-9F56-4EB1-A0FF-6F92CAB4B431}.Debug|Any CPU.Build.0 = Debug|Any CPU
		{81F2EEC0-9F56-4EB1-A0FF-6F92CAB4B431}.Debug|x64.ActiveCfg = Debug|Any CPU
		{81F2EEC0-9F56-4EB1-A0FF-6F92CAB4B431}.Debug|x64.Build.0 = Debug|Any CPU
		{81F2EEC0-9F56-4EB1-A0FF-6F92CAB4B431}.Debug|x86.ActiveCfg = Debug|Any CPU
		{81F2EEC0-9F56-4EB1-A0FF-6F92CAB4B431}.Debug|x86.Build.0 = Debug|Any CPU
		{81F2EEC0-9F56-4EB1-A0FF-6F92CAB4B431}.Release|Any CPU.ActiveCfg = Release|Any CPU
		{81F2EEC0-9F56-4EB1-A0FF-6F92CAB4B431}.Release|Any CPU.Build.0 = Release|Any CPU
		{81F2EEC0-9F56-4EB1-A0FF-6F92CAB4B431}.Release|x64.ActiveCfg = Release|Any CPU
		{81F2EEC0-9F56-4EB1-A0FF-6F92CAB4B431}.Release|x64.Build.0 = Release|Any CPU
		{81F2EEC0-9F56-4EB1-A0FF-6F92CAB4B431}.Release|x86.ActiveCfg = Release|Any CPU
		{81F2EEC0-9F56-4EB1-A0FF-6F92CAB4B431}.Release|x86.Build.0 = Release|Any CPU
		{7A3E4B5C-D6F8-4912-A3B4-C5D6E7F80A1B}.Debug|Any CPU.ActiveCfg = Debug|Any CPU
		{7A3E4B5C-D6F8-4912-A3B4-C5D6E7F80A1B}.Debug|Any CPU.Build.0 = Debug|Any CPU
		{7A3E4B5C-D6F8-4912-A3B4-C5D6E7F80A1B}.Debug|x64.ActiveCfg = Debug|Any CPU
		{7A3E4B5C-D6F8-4912-A3B4-C5D6E7F80A1B}.Debug|x64.Build.0 = Debug|Any CPU
		{7A3E4B5C-D6F8-4912-A3B4-C5D6E7F80A1B}.Debug|x86.ActiveCfg = Debug|Any CPU
		{7A3E4B5C-D6F8-4912-A3B4-C5D6E7F80A1B}.Debug|x86.Build.0 = Debug|Any CPU
		{7A3E4B5C-D6F8-4912-A3B4-C5D6E7F80A1B}.Release|Any CPU.ActiveCfg = Release|Any CPU
		{7A3E4B5C-D6F8-4912-A3B4-C5D6E7F80A1B}.Release|Any CPU.Build.0 = Release|Any CPU
		{7A3E4B5C-D6F8-4912-A3B4-C5D6E7F80A1B}.Release|x64.ActiveCfg = Release|Any CPU
		{7A3E4B5C-D6F8-4912-A3B4-C5D6E7F80A1B}.Release|x64.Build.0 = Release|Any CPU
		{7A3E4B5C-D6F8-4912-A3B4-C5D6E7F80A1B}.Release|x86.ActiveCfg = Release|Any CPU
		{7A3E4B5C-D6F8-4912-A3B4-C5D6E7F80A1B}.Release|x86.Build.0 = Release|Any CPU
		{8B4F5C6D-E7A9-4A23-B4C5-D6E7F80A1B2C}.Debug|Any CPU.ActiveCfg = Debug|Any CPU
		{8B4F5C6D-E7A9-4A23-B4C5-D6E7F80A1B2C}.Debug|Any CPU.Build.0 = Debug|Any CPU
		{8B4F5C6D-E7A9-4A23-B4C5-D6E7F80A1B2C}.Debug|x64.ActiveCfg = Debug|Any CPU
		{8B4F5C6D-E7A9-4A23-B4C5-D6E7F80A1B2C}.Debug|x64.Build.0 = Debug|Any CPU
		{8B4F5C6D-E7A9-4A23-B4C5-D6E7F80A1B2C}.Debug|x86.ActiveCfg = Debug|Any CPU
		{8B4F5C6D-E7A9-4A23-B4C5-D6E7F80A1B2C}.Debug|x86.Build.0 = Debug|Any CPU
		{8B4F5C6D-E7A9-4A23-B4C5-D6E7F80A1B2C}.Release|Any CPU.ActiveCfg = Release|Any CPU
		{8B4F5C6D-E7A9-4A23-B4C5-D6E7F80A1B2C}.Release|Any CPU.Build.0 = Release|Any CPU
		{8B4F5C6D-E7A9-4A23-B4C5-D6E7F80A1B2C}.Release|x64.ActiveCfg = Release|Any CPU
		{8B4F5C6D-E7A9-4A23-B4C5-D6E7F80A1B2C}.Release|x64.Build.0 = Release|Any CPU
		{8B4F5C6D-E7A9-4A23-B4C5-D6E7F80A1B2C}.Release|x86.ActiveCfg = Release|Any CPU
		{8B4F5C6D-E7A9-4A23-B4C5-D6E7F80A1B2C}.Release|x86.Build.0 = Release|Any CPU
		{5389C603-AD1A-430C-9ACB-AD372E57F94F}.Debug|Any CPU.ActiveCfg = Debug|Any CPU
		{5389C603-AD1A-430C-9ACB-AD372E57F94F}.Debug|Any CPU.Build.0 = Debug|Any CPU
		{5389C603-AD1A-430C-9ACB-AD372E57F94F}.Debug|x64.ActiveCfg = Debug|Any CPU
		{5389C603-AD1A-430C-9ACB-AD372E57F94F}.Debug|x64.Build.0 = Debug|Any CPU
		{5389C603-AD1A-430C-9ACB-AD372E57F94F}.Debug|x86.ActiveCfg = Debug|Any CPU
		{5389C603-AD1A-430C-9ACB-AD372E57F94F}.Debug|x86.Build.0 = Debug|Any CPU
		{5389C603-AD1A-430C-9ACB-AD372E57F94F}.Release|Any CPU.ActiveCfg = Release|Any CPU
		{5389C603-AD1A-430C-9ACB-AD372E57F94F}.Release|Any CPU.Build.0 = Release|Any CPU
		{5389C603-AD1A-430C-9ACB-AD372E57F94F}.Release|x64.ActiveCfg = Release|Any CPU
		{5389C603-AD1A-430C-9ACB-AD372E57F94F}.Release|x64.Build.0 = Release|Any CPU
		{5389C603-AD1A-430C-9ACB-AD372E57F94F}.Release|x86.ActiveCfg = Release|Any CPU
		{5389C603-AD1A-430C-9ACB-AD372E57F94F}.Release|x86.Build.0 = Release|Any CPU
		{1703EE32-5D4D-4B3F-9473-45DF76A9802E}.Debug|Any CPU.ActiveCfg = Debug|Any CPU
		{1703EE32-5D4D-4B3F-9473-45DF76A9802E}.Debug|Any CPU.Build.0 = Debug|Any CPU
		{1703EE32-5D4D-4B3F-9473-45DF76A9802E}.Debug|x64.ActiveCfg = Debug|Any CPU
		{1703EE32-5D4D-4B3F-9473-45DF76A9802E}.Debug|x64.Build.0 = Debug|Any CPU
		{1703EE32-5D4D-4B3F-9473-45DF76A9802E}.Debug|x86.ActiveCfg = Debug|Any CPU
		{1703EE32-5D4D-4B3F-9473-45DF76A9802E}.Debug|x86.Build.0 = Debug|Any CPU
		{1703EE32-5D4D-4B3F-9473-45DF76A9802E}.Release|Any CPU.ActiveCfg = Release|Any CPU
		{1703EE32-5D4D-4B3F-9473-45DF76A9802E}.Release|Any CPU.Build.0 = Release|Any CPU
		{1703EE32-5D4D-4B3F-9473-45DF76A9802E}.Release|x64.ActiveCfg = Release|Any CPU
		{1703EE32-5D4D-4B3F-9473-45DF76A9802E}.Release|x64.Build.0 = Release|Any CPU
		{1703EE32-5D4D-4B3F-9473-45DF76A9802E}.Release|x86.ActiveCfg = Release|Any CPU
		{1703EE32-5D4D-4B3F-9473-45DF76A9802E}.Release|x86.Build.0 = Release|Any CPU
	EndGlobalSection
	GlobalSection(SolutionProperties) = preSolution
		HideSolutionNode = FALSE
	EndGlobalSection
	GlobalSection(NestedProjects) = preSolution
		{9BC6D61A-5D4B-4D57-BC6B-5E3F9D04377E} = {676B66E5-266D-4D6B-AF79-4FADD167C104}
		{CDFE54EF-AE62-412F-820D-41428631FE1A} = {3985B64B-5505-4C87-857D-98582B26D405}
		{1ADBF452-1F63-4C6A-8D41-432F2E34B475} = {676B66E5-266D-4D6B-AF79-4FADD167C104}
		{7B27F84C-9A28-46C3-A144-048F833B97B7} = {3985B64B-5505-4C87-857D-98582B26D405}
		{E6EF794C-A728-4154-BDA3-60776CE2C37C} = {1F23EF51-8740-486A-96A0-9656561FD7B5}
		{029B60F0-5C46-44D9-9EB9-42EEB16EE3FC} = {676B66E5-266D-4D6B-AF79-4FADD167C104}
		{91ECD22B-F1E2-45FE-807F-3DFB154566DC} = {3985B64B-5505-4C87-857D-98582B26D405}
		{3481439D-D3D1-4977-861A-D65BF4ECE36B} = {E6EF794C-A728-4154-BDA3-60776CE2C37C}
		{F2CD2F06-0083-4132-90B8-584A6C3BBD38} = {1F23EF51-8740-486A-96A0-9656561FD7B5}
		{5EF7EFA0-AB6C-4E96-A4D6-E7DFACDB27DB} = {03B08E69-E57B-4DC6-8AD7-93179248F6FE}
		{C480933B-D5DA-44B7-82B0-5CEF5AB77C8B} = {03B08E69-E57B-4DC6-8AD7-93179248F6FE}
		{3013D253-92F9-484B-A0F9-BFE56BC0CD13} = {03B08E69-E57B-4DC6-8AD7-93179248F6FE}
		{80F0DF3F-8642-44CF-830B-C16E0B55C335} = {02EA681E-C7D8-13C7-8484-4AC65E1B71E8}
		{81F2EEC0-9F56-4EB1-A0FF-6F92CAB4B431} = {02EA681E-C7D8-13C7-8484-4AC65E1B71E8}
		{7A3E4B5C-D6F8-4912-A3B4-C5D6E7F80A1B} = {9C5A6D7E-F8B0-4B34-C5D6-E7F80A1B2C3D}
		{8B4F5C6D-E7A9-4A23-B4C5-D6E7F80A1B2C} = {9C5A6D7E-F8B0-4B34-C5D6-E7F80A1B2C3D}
		{5389C603-AD1A-430C-9ACB-AD372E57F94F} = {9D08BE0B-092F-4C13-83DF-1F760294140C}
		{1703EE32-5D4D-4B3F-9473-45DF76A9802E} = {9D08BE0B-092F-4C13-83DF-1F760294140C}
	EndGlobalSection
	GlobalSection(ExtensibilityGlobals) = postSolution
		SolutionGuid = {4A714D36-F3BB-42D6-BD2B-C36F2085613C}
	EndGlobalSection
EndGlobal
